// !$*UTF8*$!
{
	archiveVersion = 1;
	classes = {
	};
	objectVersion = 46;
	objects = {

/* Begin PBXBuildFile section */
		E008BD121BB616D400D2B688 /* AppDelegate.swift in Sources */ = {isa = PBXBuildFile; fileRef = E008BD111BB616D400D2B688 /* AppDelegate.swift */; };
		E008BD141BB616D400D2B688 /* ResultsDisplayVC.swift in Sources */ = {isa = PBXBuildFile; fileRef = E008BD131BB616D400D2B688 /* ResultsDisplayVC.swift */; };
		E008BD171BB616D400D2B688 /* Main.storyboard in Resources */ = {isa = PBXBuildFile; fileRef = E008BD151BB616D400D2B688 /* Main.storyboard */; };
		E008BD1C1BB616D400D2B688 /* Assets.xcassets in Resources */ = {isa = PBXBuildFile; fileRef = E008BD1B1BB616D400D2B688 /* Assets.xcassets */; };
		E008BD1F1BB616D400D2B688 /* LaunchScreen.storyboard in Resources */ = {isa = PBXBuildFile; fileRef = E008BD1D1BB616D400D2B688 /* LaunchScreen.storyboard */; };
		E05387271BB9D1F9007F38A1 /* Bosox Full.ttf in Resources */ = {isa = PBXBuildFile; fileRef = E05387201BB9D1F9007F38A1 /* Bosox Full.ttf */; settings = {ASSET_TAGS = (); }; };
		E05387281BB9D1F9007F38A1 /* Bosox Outline Heavy.ttf in Resources */ = {isa = PBXBuildFile; fileRef = E05387211BB9D1F9007F38A1 /* Bosox Outline Heavy.ttf */; settings = {ASSET_TAGS = (); }; };
		E05387291BB9D1F9007F38A1 /* Bosox Outline.ttf in Resources */ = {isa = PBXBuildFile; fileRef = E05387221BB9D1F9007F38A1 /* Bosox Outline.ttf */; settings = {ASSET_TAGS = (); }; };
		E053872A1BB9D1F9007F38A1 /* Bosox Revised .ttf in Resources */ = {isa = PBXBuildFile; fileRef = E05387231BB9D1F9007F38A1 /* Bosox Revised .ttf */; settings = {ASSET_TAGS = (); }; };
		E053872B1BB9D1F9007F38A1 /* Bosox SemiBold.ttf in Resources */ = {isa = PBXBuildFile; fileRef = E05387241BB9D1F9007F38A1 /* Bosox SemiBold.ttf */; settings = {ASSET_TAGS = (); }; };
		E053872C1BB9D1F9007F38A1 /* Bosox.ttf in Resources */ = {isa = PBXBuildFile; fileRef = E05387251BB9D1F9007F38A1 /* Bosox.ttf */; settings = {ASSET_TAGS = (); }; };
		E053872D1BB9D1F9007F38A1 /* Bosox.txt in Resources */ = {isa = PBXBuildFile; fileRef = E05387261BB9D1F9007F38A1 /* Bosox.txt */; settings = {ASSET_TAGS = (); }; };
		E0B080C41BC34669000F5058 /* CompletedEntries.storyboard in Resources */ = {isa = PBXBuildFile; fileRef = E0B080C31BC34669000F5058 /* CompletedEntries.storyboard */; settings = {ASSET_TAGS = (); }; };
		E0B080C61BC3469C000F5058 /* CompletedEntries-TVC.swift in Sources */ = {isa = PBXBuildFile; fileRef = E0B080C51BC3469C000F5058 /* CompletedEntries-TVC.swift */; settings = {ASSET_TAGS = (); }; };
		E0B080CC1BC350C0000F5058 /* AddNewExpense.storyboard in Resources */ = {isa = PBXBuildFile; fileRef = E0B080CB1BC350C0000F5058 /* AddNewExpense.storyboard */; settings = {ASSET_TAGS = (); }; };
		E0B080CE1BC350EC000F5058 /* AddNewExpense-VC.swift in Sources */ = {isa = PBXBuildFile; fileRef = E0B080CD1BC350EC000F5058 /* AddNewExpense-VC.swift */; settings = {ASSET_TAGS = (); }; };
		E0C02E251BC488E700558AF0 /* SportExpenseLog.xcdatamodeld in Sources */ = {isa = PBXBuildFile; fileRef = E0C02E231BC488E700558AF0 /* SportExpenseLog.xcdatamodeld */; settings = {ASSET_TAGS = (); }; };
/* End PBXBuildFile section */

/* Begin PBXFileReference section */
		E008BD0E1BB616D400D2B688 /* SportExpenseLog.app */ = {isa = PBXFileReference; explicitFileType = wrapper.application; includeInIndex = 0; path = SportExpenseLog.app; sourceTree = BUILT_PRODUCTS_DIR; };
		E008BD111BB616D400D2B688 /* AppDelegate.swift */ = {isa = PBXFileReference; lastKnownFileType = sourcecode.swift; path = AppDelegate.swift; sourceTree = "<group>"; };
		E008BD131BB616D400D2B688 /* ResultsDisplayVC.swift */ = {isa = PBXFileReference; lastKnownFileType = sourcecode.swift; path = ResultsDisplayVC.swift; sourceTree = "<group>"; };
		E008BD161BB616D400D2B688 /* Base */ = {isa = PBXFileReference; lastKnownFileType = file.storyboard; name = Base; path = Base.lproj/Main.storyboard; sourceTree = "<group>"; };
		E008BD1B1BB616D400D2B688 /* Assets.xcassets */ = {isa = PBXFileReference; lastKnownFileType = folder.assetcatalog; path = Assets.xcassets; sourceTree = "<group>"; };
		E008BD1E1BB616D400D2B688 /* Base */ = {isa = PBXFileReference; lastKnownFileType = file.storyboard; name = Base; path = Base.lproj/LaunchScreen.storyboard; sourceTree = "<group>"; };
		E008BD201BB616D400D2B688 /* Info.plist */ = {isa = PBXFileReference; lastKnownFileType = text.plist.xml; path = Info.plist; sourceTree = "<group>"; };
		E05387201BB9D1F9007F38A1 /* Bosox Full.ttf */ = {isa = PBXFileReference; lastKnownFileType = file; path = "Bosox Full.ttf"; sourceTree = "<group>"; };
		E05387211BB9D1F9007F38A1 /* Bosox Outline Heavy.ttf */ = {isa = PBXFileReference; lastKnownFileType = file; path = "Bosox Outline Heavy.ttf"; sourceTree = "<group>"; };
		E05387221BB9D1F9007F38A1 /* Bosox Outline.ttf */ = {isa = PBXFileReference; lastKnownFileType = file; path = "Bosox Outline.ttf"; sourceTree = "<group>"; };
		E05387231BB9D1F9007F38A1 /* Bosox Revised .ttf */ = {isa = PBXFileReference; lastKnownFileType = file; path = "Bosox Revised .ttf"; sourceTree = "<group>"; };
		E05387241BB9D1F9007F38A1 /* Bosox SemiBold.ttf */ = {isa = PBXFileReference; lastKnownFileType = file; path = "Bosox SemiBold.ttf"; sourceTree = "<group>"; };
		E05387251BB9D1F9007F38A1 /* Bosox.ttf */ = {isa = PBXFileReference; lastKnownFileType = file; path = Bosox.ttf; sourceTree = "<group>"; };
		E05387261BB9D1F9007F38A1 /* Bosox.txt */ = {isa = PBXFileReference; fileEncoding = 4; lastKnownFileType = text; path = Bosox.txt; sourceTree = "<group>"; };
		E0B080C31BC34669000F5058 /* CompletedEntries.storyboard */ = {isa = PBXFileReference; fileEncoding = 4; lastKnownFileType = file.storyboard; path = CompletedEntries.storyboard; sourceTree = "<group>"; };
		E0B080C51BC3469C000F5058 /* CompletedEntries-TVC.swift */ = {isa = PBXFileReference; fileEncoding = 4; lastKnownFileType = sourcecode.swift; path = "CompletedEntries-TVC.swift"; sourceTree = "<group>"; };
		E0B080CB1BC350C0000F5058 /* AddNewExpense.storyboard */ = {isa = PBXFileReference; fileEncoding = 4; lastKnownFileType = file.storyboard; path = AddNewExpense.storyboard; sourceTree = "<group>"; };
		E0B080CD1BC350EC000F5058 /* AddNewExpense-VC.swift */ = {isa = PBXFileReference; fileEncoding = 4; lastKnownFileType = sourcecode.swift; path = "AddNewExpense-VC.swift"; sourceTree = "<group>"; };
		E0C02E241BC488E700558AF0 /* SportExpenseLog.xcdatamodel */ = {isa = PBXFileReference; lastKnownFileType = wrapper.xcdatamodel; path = SportExpenseLog.xcdatamodel; sourceTree = "<group>"; };
/* End PBXFileReference section */

/* Begin PBXFrameworksBuildPhase section */
		E008BD0B1BB616D400D2B688 /* Frameworks */ = {
			isa = PBXFrameworksBuildPhase;
			buildActionMask = 2147483647;
			files = (
			);
			runOnlyForDeploymentPostprocessing = 0;
		};
/* End PBXFrameworksBuildPhase section */

/* Begin PBXGroup section */
		E008BD051BB616D400D2B688 = {
			isa = PBXGroup;
			children = (
				E008BD101BB616D400D2B688 /* SportExpenseLog */,
				E053872E1BB9D20B007F38A1 /* Resources */,
				E008BD0F1BB616D400D2B688 /* Products */,
				E008BD1D1BB616D400D2B688 /* LaunchScreen.storyboard */,
			);
			sourceTree = "<group>";
		};
		E008BD0F1BB616D400D2B688 /* Products */ = {
			isa = PBXGroup;
			children = (
				E008BD0E1BB616D400D2B688 /* SportExpenseLog.app */,
			);
			name = Products;
			sourceTree = "<group>";
		};
		E008BD101BB616D400D2B688 /* SportExpenseLog */ = {
			isa = PBXGroup;
			children = (
				E04AF5A41BB88B9B00F265A8 /* Models */,
				E04AF5A21BB88A5F00F265A8 /* Views */,
				E04AF5A31BB88B6D00F265A8 /* Controllers */,
				E04AF5A51BB88BE400F265A8 /* Data */,
				E008BD1B1BB616D400D2B688 /* Assets.xcassets */,
				E008BD111BB616D400D2B688 /* AppDelegate.swift */,
			);
			path = SportExpenseLog;
			sourceTree = "<group>";
		};
		E04AF5A21BB88A5F00F265A8 /* Views */ = {
			isa = PBXGroup;
			children = (
				E008BD151BB616D400D2B688 /* Main.storyboard */,
				E0B080C31BC34669000F5058 /* CompletedEntries.storyboard */,
				E0B080CB1BC350C0000F5058 /* AddNewExpense.storyboard */,
			);
			name = Views;
			sourceTree = "<group>";
		};
		E04AF5A31BB88B6D00F265A8 /* Controllers */ = {
			isa = PBXGroup;
			children = (
				E008BD131BB616D400D2B688 /* ResultsDisplayVC.swift */,
				E0B080C51BC3469C000F5058 /* CompletedEntries-TVC.swift */,
				E0B080CD1BC350EC000F5058 /* AddNewExpense-VC.swift */,
			);
			name = Controllers;
			sourceTree = "<group>";
		};
		E04AF5A41BB88B9B00F265A8 /* Models */ = {
			isa = PBXGroup;
			children = (
				E0C02E231BC488E700558AF0 /* SportExpenseLog.xcdatamodeld */,
			);
			name = Models;
			sourceTree = "<group>";
		};
		E04AF5A51BB88BE400F265A8 /* Data */ = {
			isa = PBXGroup;
			children = (
				E008BD201BB616D400D2B688 /* Info.plist */,
			);
			name = Data;
			sourceTree = "<group>";
		};
		E053871F1BB9D1F9007F38A1 /* lee-gordon_bosox */ = {
			isa = PBXGroup;
			children = (
				E05387201BB9D1F9007F38A1 /* Bosox Full.ttf */,
				E05387211BB9D1F9007F38A1 /* Bosox Outline Heavy.ttf */,
				E05387221BB9D1F9007F38A1 /* Bosox Outline.ttf */,
				E05387231BB9D1F9007F38A1 /* Bosox Revised .ttf */,
				E05387241BB9D1F9007F38A1 /* Bosox SemiBold.ttf */,
				E05387251BB9D1F9007F38A1 /* Bosox.ttf */,
				E05387261BB9D1F9007F38A1 /* Bosox.txt */,
			);
			name = "lee-gordon_bosox";
			path = "../lee-gordon_bosox";
			sourceTree = "<group>";
		};
		E053872E1BB9D20B007F38A1 /* Resources */ = {
			isa = PBXGroup;
			children = (
				E053871F1BB9D1F9007F38A1 /* lee-gordon_bosox */,
			);
			name = Resources;
			path = SportExpenseLog;
			sourceTree = "<group>";
		};
/* End PBXGroup section */

/* Begin PBXNativeTarget section */
		E008BD0D1BB616D400D2B688 /* SportExpenseLog */ = {
			isa = PBXNativeTarget;
			buildConfigurationList = E008BD231BB616D400D2B688 /* Build configuration list for PBXNativeTarget "SportExpenseLog" */;
			buildPhases = (
				E008BD0A1BB616D400D2B688 /* Sources */,
				E008BD0B1BB616D400D2B688 /* Frameworks */,
				E008BD0C1BB616D400D2B688 /* Resources */,
			);
			buildRules = (
			);
			dependencies = (
			);
			name = SportExpenseLog;
			productName = SportExpenseLog;
			productReference = E008BD0E1BB616D400D2B688 /* SportExpenseLog.app */;
			productType = "com.apple.product-type.application";
		};
/* End PBXNativeTarget section */

/* Begin PBXProject section */
		E008BD061BB616D400D2B688 /* Project object */ = {
			isa = PBXProject;
			attributes = {
				LastUpgradeCheck = 0700;
				ORGANIZATIONNAME = "Viking Panda";
				TargetAttributes = {
					E008BD0D1BB616D400D2B688 = {
						CreatedOnToolsVersion = 7.0;
						DevelopmentTeam = 33C83SP437;
					};
				};
			};
			buildConfigurationList = E008BD091BB616D400D2B688 /* Build configuration list for PBXProject "SportExpenseLog" */;
			compatibilityVersion = "Xcode 3.2";
			developmentRegion = English;
			hasScannedForEncodings = 0;
			knownRegions = (
				en,
				Base,
			);
			mainGroup = E008BD051BB616D400D2B688;
			productRefGroup = E008BD0F1BB616D400D2B688 /* Products */;
			projectDirPath = "";
			projectRoot = "";
			targets = (
				E008BD0D1BB616D400D2B688 /* SportExpenseLog */,
			);
		};
/* End PBXProject section */

/* Begin PBXResourcesBuildPhase section */
		E008BD0C1BB616D400D2B688 /* Resources */ = {
			isa = PBXResourcesBuildPhase;
			buildActionMask = 2147483647;
			files = (
				E008BD1F1BB616D400D2B688 /* LaunchScreen.storyboard in Resources */,
				E05387281BB9D1F9007F38A1 /* Bosox Outline Heavy.ttf in Resources */,
				E0B080CC1BC350C0000F5058 /* AddNewExpense.storyboard in Resources */,
				E053872D1BB9D1F9007F38A1 /* Bosox.txt in Resources */,
				E008BD1C1BB616D400D2B688 /* Assets.xcassets in Resources */,
				E053872A1BB9D1F9007F38A1 /* Bosox Revised .ttf in Resources */,
				E053872B1BB9D1F9007F38A1 /* Bosox SemiBold.ttf in Resources */,
				E053872C1BB9D1F9007F38A1 /* Bosox.ttf in Resources */,
				E05387291BB9D1F9007F38A1 /* Bosox Outline.ttf in Resources */,
				E0B080C41BC34669000F5058 /* CompletedEntries.storyboard in Resources */,
				E008BD171BB616D400D2B688 /* Main.storyboard in Resources */,
				E05387271BB9D1F9007F38A1 /* Bosox Full.ttf in Resources */,
			);
			runOnlyForDeploymentPostprocessing = 0;
		};
/* End PBXResourcesBuildPhase section */

/* Begin PBXSourcesBuildPhase section */
		E008BD0A1BB616D400D2B688 /* Sources */ = {
			isa = PBXSourcesBuildPhase;
			buildActionMask = 2147483647;
			files = (
				E008BD141BB616D400D2B688 /* ResultsDisplayVC.swift in Sources */,
				E0B080C61BC3469C000F5058 /* CompletedEntries-TVC.swift in Sources */,
				E0B080CE1BC350EC000F5058 /* AddNewExpense-VC.swift in Sources */,
				E0C02E251BC488E700558AF0 /* SportExpenseLog.xcdatamodeld in Sources */,
				E008BD121BB616D400D2B688 /* AppDelegate.swift in Sources */,
			);
			runOnlyForDeploymentPostprocessing = 0;
		};
/* End PBXSourcesBuildPhase section */

/* Begin PBXVariantGroup section */
		E008BD151BB616D400D2B688 /* Main.storyboard */ = {
			isa = PBXVariantGroup;
			children = (
				E008BD161BB616D400D2B688 /* Base */,
			);
			name = Main.storyboard;
			sourceTree = "<group>";
		};
		E008BD1D1BB616D400D2B688 /* LaunchScreen.storyboard */ = {
			isa = PBXVariantGroup;
			children = (
				E008BD1E1BB616D400D2B688 /* Base */,
			);
			name = LaunchScreen.storyboard;
			path = SportExpenseLog;
			sourceTree = "<group>";
		};
/* End PBXVariantGroup section */

/* Begin XCBuildConfiguration section */
		E008BD211BB616D400D2B688 /* Debug */ = {
			isa = XCBuildConfiguration;
			buildSettings = {
				ALWAYS_SEARCH_USER_PATHS = NO;
				CLANG_CXX_LANGUAGE_STANDARD = "gnu++0x";
				CLANG_CXX_LIBRARY = "libc++";
				CLANG_ENABLE_MODULES = YES;
				CLANG_ENABLE_OBJC_ARC = YES;
				CLANG_WARN_BOOL_CONVERSION = YES;
				CLANG_WARN_CONSTANT_CONVERSION = YES;
				CLANG_WARN_DIRECT_OBJC_ISA_USAGE = YES_ERROR;
				CLANG_WARN_EMPTY_BODY = YES;
				CLANG_WARN_ENUM_CONVERSION = YES;
				CLANG_WARN_INT_CONVERSION = YES;
				CLANG_WARN_OBJC_ROOT_CLASS = YES_ERROR;
				CLANG_WARN_UNREACHABLE_CODE = YES;
				CLANG_WARN__DUPLICATE_METHOD_MATCH = YES;
				"CODE_SIGN_IDENTITY[sdk=iphoneos*]" = "iPhone Developer";
				COPY_PHASE_STRIP = NO;
				DEBUG_INFORMATION_FORMAT = dwarf;
				ENABLE_STRICT_OBJC_MSGSEND = YES;
				ENABLE_TESTABILITY = YES;
				GCC_C_LANGUAGE_STANDARD = gnu99;
				GCC_DYNAMIC_NO_PIC = NO;
				GCC_NO_COMMON_BLOCKS = YES;
				GCC_OPTIMIZATION_LEVEL = 0;
				GCC_PREPROCESSOR_DEFINITIONS = (
					"DEBUG=1",
					"$(inherited)",
				);
				GCC_WARN_64_TO_32_BIT_CONVERSION = YES;
				GCC_WARN_ABOUT_RETURN_TYPE = YES_ERROR;
				GCC_WARN_UNDECLARED_SELECTOR = YES;
				GCC_WARN_UNINITIALIZED_AUTOS = YES_AGGRESSIVE;
				GCC_WARN_UNUSED_FUNCTION = YES;
				GCC_WARN_UNUSED_VARIABLE = YES;
				IPHONEOS_DEPLOYMENT_TARGET = 9.0;
				MTL_ENABLE_DEBUG_INFO = YES;
				ONLY_ACTIVE_ARCH = YES;
				SDKROOT = iphoneos;
				SWIFT_OPTIMIZATION_LEVEL = "-Onone";
			};
			name = Debug;
		};
		E008BD221BB616D400D2B688 /* Release */ = {
			isa = XCBuildConfiguration;
			buildSettings = {
				ALWAYS_SEARCH_USER_PATHS = NO;
				CLANG_CXX_LANGUAGE_STANDARD = "gnu++0x";
				CLANG_CXX_LIBRARY = "libc++";
				CLANG_ENABLE_MODULES = YES;
				CLANG_ENABLE_OBJC_ARC = YES;
				CLANG_WARN_BOOL_CONVERSION = YES;
				CLANG_WARN_CONSTANT_CONVERSION = YES;
				CLANG_WARN_DIRECT_OBJC_ISA_USAGE = YES_ERROR;
				CLANG_WARN_EMPTY_BODY = YES;
				CLANG_WARN_ENUM_CONVERSION = YES;
				CLANG_WARN_INT_CONVERSION = YES;
				CLANG_WARN_OBJC_ROOT_CLASS = YES_ERROR;
				CLANG_WARN_UNREACHABLE_CODE = YES;
				CLANG_WARN__DUPLICATE_METHOD_MATCH = YES;
				"CODE_SIGN_IDENTITY[sdk=iphoneos*]" = "iPhone Developer";
				COPY_PHASE_STRIP = NO;
				DEBUG_INFORMATION_FORMAT = "dwarf-with-dsym";
				ENABLE_NS_ASSERTIONS = NO;
				ENABLE_STRICT_OBJC_MSGSEND = YES;
				GCC_C_LANGUAGE_STANDARD = gnu99;
				GCC_NO_COMMON_BLOCKS = YES;
				GCC_WARN_64_TO_32_BIT_CONVERSION = YES;
				GCC_WARN_ABOUT_RETURN_TYPE = YES_ERROR;
				GCC_WARN_UNDECLARED_SELECTOR = YES;
				GCC_WARN_UNINITIALIZED_AUTOS = YES_AGGRESSIVE;
				GCC_WARN_UNUSED_FUNCTION = YES;
				GCC_WARN_UNUSED_VARIABLE = YES;
				IPHONEOS_DEPLOYMENT_TARGET = 9.0;
				MTL_ENABLE_DEBUG_INFO = NO;
				SDKROOT = iphoneos;
				VALIDATE_PRODUCT = YES;
			};
			name = Release;
		};
		E008BD241BB616D400D2B688 /* Debug */ = {
			isa = XCBuildConfiguration;
			buildSettings = {
				ASSETCATALOG_COMPILER_APPICON_NAME = AppIcon;
				INFOPLIST_FILE = SportExpenseLog/Info.plist;
				LD_RUNPATH_SEARCH_PATHS = "$(inherited) @executable_path/Frameworks";
				PRODUCT_BUNDLE_IDENTIFIER = com.VikingPanda.SportExpenseLog;
				PRODUCT_NAME = "$(TARGET_NAME)";
			};
			name = Debug;
		};
		E008BD251BB616D400D2B688 /* Release */ = {
			isa = XCBuildConfiguration;
			buildSettings = {
				ASSETCATALOG_COMPILER_APPICON_NAME = AppIcon;
				INFOPLIST_FILE = SportExpenseLog/Info.plist;
				LD_RUNPATH_SEARCH_PATHS = "$(inherited) @executable_path/Frameworks";
				PRODUCT_BUNDLE_IDENTIFIER = com.VikingPanda.SportExpenseLog;
				PRODUCT_NAME = "$(TARGET_NAME)";
			};
			name = Release;
		};
/* End XCBuildConfiguration section */

/* Begin XCConfigurationList section */
		E008BD091BB616D400D2B688 /* Build configuration list for PBXProject "SportExpenseLog" */ = {
			isa = XCConfigurationList;
			buildConfigurations = (
				E008BD211BB616D400D2B688 /* Debug */,
				E008BD221BB616D400D2B688 /* Release */,
			);
			defaultConfigurationIsVisible = 0;
			defaultConfigurationName = Release;
		};
		E008BD231BB616D400D2B688 /* Build configuration list for PBXNativeTarget "SportExpenseLog" */ = {
			isa = XCConfigurationList;
			buildConfigurations = (
				E008BD241BB616D400D2B688 /* Debug */,
				E008BD251BB616D400D2B688 /* Release */,
			);
			defaultConfigurationIsVisible = 0;
			defaultConfigurationName = Release;
		};
/* End XCConfigurationList section */

/* Begin XCVersionGroup section */
		E0C02E231BC488E700558AF0 /* SportExpenseLog.xcdatamodeld */ = {
			isa = XCVersionGroup;
			children = (
				E0C02E241BC488E700558AF0 /* SportExpenseLog.xcdatamodel */,
			);
			currentVersion = E0C02E241BC488E700558AF0 /* SportExpenseLog.xcdatamodel */;
			path = SportExpenseLog.xcdatamodeld;
			sourceTree = "<group>";
			versionGroupType = wrapper.xcdatamodel;
		};
/* End XCVersionGroup section */
	};
	rootObject = E008BD061BB616D400D2B688 /* Project object */;
}
